
Microsoft Visual Studio Solution File, Format Version 12.00
# Visual Studio 15
VisualStudioVersion = 15.0.28307.645
MinimumVisualStudioVersion = 10.0.40219.1
Project("{8BC9CEB8-8B4A-11D0-8D11-00A0C91BC942}") = "GeneralMesh", "GeneralMesh.vcxproj", "{22462158-845C-48A2-B7F8-5004D745D625}"
EndProject
Global
	GlobalSection(SolutionConfigurationPlatforms) = preSolution
		Debug|x64 = Debug|x64
		Debug|x86 = Debug|x86
		Release|x64 = Release|x64
		Release|x86 = Release|x86
	EndGlobalSection
	GlobalSection(ProjectConfigurationPlatforms) = postSolution
		{22462158-845C-48A2-B7F8-5004D745D625}.Debug|x64.ActiveCfg = Debug|x64
		{22462158-845C-48A2-B7F8-5004D745D625}.Debug|x64.Build.0 = Debug|x64
		{22462158-845C-48A2-B7F8-5004D745D625}.Debug|x86.ActiveCfg = Debug|Win32
		{22462158-845C-48A2-B7F8-5004D745D625}.Debug|x86.Build.0 = Debug|Win32
		{22462158-845C-48A2-B7F8-5004D745D625}.Release|x64.ActiveCfg = Release|x64
		{22462158-845C-48A2-B7F8-5004D745D625}.Release|x64.Build.0 = Release|x64
		{22462158-845C-48A2-B7F8-5004D745D625}.Release|x86.ActiveCfg = Release|Win32
		{22462158-845C-48A2-B7F8-5004D745D625}.Release|x86.Build.0 = Release|Win32
	EndGlobalSection
	GlobalSection(SolutionProperties) = preSolution
		HideSolutionNode = FALSE
	EndGlobalSection
	GlobalSection(ExtensibilityGlobals) = postSolution
		SolutionGuid = {1FA5D662-2F78-43C3-9D0F-395D752C12B6}
	EndGlobalSection
EndGlobal
